
Microsoft Visual Studio Solution File, Format Version 12.00
# Visual Studio Version 17
VisualStudioVersion = 17.4.33213.308
MinimumVisualStudioVersion = 10.0.40219.1
Project("{FAE04EC0-301F-11D3-BF4B-00C04F79EFBC}") = "DesenvolvimentoWebDotNETBasesDados-TP3", "DesenvolvimentoWebDotNETBasesDados-TP3\DesenvolvimentoWebDotNETBasesDados-TP3.csproj", "{EC08590D-B767-492F-BFEF-75F1EB28329E}"
EndProject
Global
	GlobalSection(SolutionConfigurationPlatforms) = preSolution
		Debug|Any CPU = Debug|Any CPU
		Release|Any CPU = Release|Any CPU
	EndGlobalSection
	GlobalSection(ProjectConfigurationPlatforms) = postSolution
		{EC08590D-B767-492F-BFEF-75F1EB28329E}.Debug|Any CPU.ActiveCfg = Debug|Any CPU
		{EC08590D-B767-492F-BFEF-75F1EB28329E}.Debug|Any CPU.Build.0 = Debug|Any CPU
		{EC08590D-B767-492F-BFEF-75F1EB28329E}.Release|Any CPU.ActiveCfg = Release|Any CPU
		{EC08590D-B767-492F-BFEF-75F1EB28329E}.Release|Any CPU.Build.0 = Release|Any CPU
	EndGlobalSection
	GlobalSection(SolutionProperties) = preSolution
		HideSolutionNode = FALSE
	EndGlobalSection
	GlobalSection(ExtensibilityGlobals) = postSolution
		SolutionGuid = {64B46945-A756-46E3-A42C-811614AB6E14}
	EndGlobalSection
EndGlobal
